# This file is automatically @generated by Cargo.
# It is not intended for manual editing.
[[package]]
name = "emu6502"
version = "0.1.0"
source = "git+https://github.com/naari3/emu6502?rev=c698d72#c698d721b466de56dcfc64f29e31a0cb814fb5be"

[[package]]
name = "naanes"
version = "0.1.0"
dependencies = [
 "emu6502",
]
