# This file is automatically @generated by Cargo.
# It is not intended for manual editing.
[[package]]
name = "emu6502"
version = "0.1.0"
source = "git+https://github.com/naari3/emu6502?rev=6b2d3d4#6b2d3d4810dce4446b26356d0932c996b6f5e931"

[[package]]
name = "naanes"
version = "0.1.0"
dependencies = [
 "emu6502",
]
